{
  "nodes": {
    "code": {
      "inputs": {
        "nixpkgs": [
          "nixpkgs"
        ],
        "rust-overlay": "rust-overlay"
      },
      "locked": {
        "path": "./code",
        "type": "path"
      },
      "original": {
        "path": "./code",
        "type": "path"
      },
      "parent": []
    },
    "nixpkgs": {
      "locked": {
        "lastModified": 1738172511,
        "narHash": "sha256-v/8yB8LIy/KsySZYN6rO/f4kCEkj+fTLkzR0TaNMB+w=",
        "owner": "nixos",
        "repo": "nixpkgs",
        "rev": "762a398892576efcc76fb233befbd58c2cef59e0",
        "type": "github"
      },
      "original": {
        "owner": "nixos",
        "ref": "nixpkgs-unstable",
        "repo": "nixpkgs",
        "type": "github"
      }
    },
    "report": {
      "inputs": {
        "nixpkgs": [
          "nixpkgs"
        ]
      },
      "locked": {
        "path": "./report",
        "type": "path"
      },
      "original": {
        "path": "./report",
        "type": "path"
      },
      "parent": []
    },
    "root": {
      "inputs": {
        "code": "code",
        "nixpkgs": "nixpkgs",
        "report": "report",
        "slides": "slides",
        "website-builder": "website-builder"
      }
    },
    "rust-overlay": {
      "inputs": {
        "nixpkgs": [
          "code",
          "nixpkgs"
        ]
      },
      "locked": {
        "lastModified": 1738290352,
        "narHash": "sha256-YKOHUmc0Clm4tMV8grnxYL4IIwtjTayoq/3nqk0QM7k=",
        "owner": "oxalica",
        "repo": "rust-overlay",
        "rev": "b031b584125d33d23a0182f91ddbaf3ab4880236",
        "type": "github"
      },
      "original": {
        "owner": "oxalica",
        "repo": "rust-overlay",
        "type": "github"
      }
    },
    "slides": {
      "inputs": {
        "nixpkgs": [
          "nixpkgs"
        ]
      },
      "locked": {
        "path": "./slides",
        "type": "path"
      },
      "original": {
        "path": "./slides",
        "type": "path"
      },
      "parent": []
    },
    "website-builder": {
      "inputs": {
        "nixpkgs": [
          "nixpkgs"
        ]
      },
      "locked": {
        "lastModified": 1737502356,
        "narHash": "sha256-IF8rpMs63pPu+EvLRQ1mfyc1EZHP7BNeK3dN048tf1U=",
        "owner": "rasmus-kirk",
        "repo": "website-builder",
        "rev": "d9fc8c15f297fa7a588b3ca251ef77e1f0c6ebb5",
        "type": "github"
      },
      "original": {
        "owner": "rasmus-kirk",
        "repo": "website-builder",
        "type": "github"
      }
    }
  },
  "root": "root",
  "version": 7
}
