{
  "nodes": {
    "nixpkgs": {
      "locked": {
        "lastModified": 1736012469,
        "narHash": "sha256-/qlNWm/IEVVH7GfgAIyP6EsVZI6zjAx1cV5zNyrs+rI=",
        "owner": "nixos",
        "repo": "nixpkgs",
        "rev": "8f3e1f807051e32d8c95cd12b9b421623850a34d",
        "type": "github"
      },
      "original": {
        "owner": "nixos",
        "ref": "nixos-unstable",
        "repo": "nixpkgs",
        "type": "github"
      }
    },
    "root": {
      "inputs": {
        "nixpkgs": "nixpkgs",
        "rust-overlay": "rust-overlay"
      }
    },
    "rust-overlay": {
      "inputs": {
        "nixpkgs": [
          "nixpkgs"
        ]
      },
      "locked": {
        "lastModified": 1736216977,
        "narHash": "sha256-EMueGrzBpryM8mgOyoyJ7DdNRRk09ug1ggcLLp0WrCQ=",
        "owner": "oxalica",
        "repo": "rust-overlay",
        "rev": "bbe7e4e7a70d235db4bbdcabbf8a2f6671881dd7",
        "type": "github"
      },
      "original": {
        "owner": "oxalica",
        "repo": "rust-overlay",
        "type": "github"
      }
    }
  },
  "root": "root",
  "version": 7
}
